
Microsoft Visual Studio Solution File, Format Version 12.00
# Visual Studio Version 17
VisualStudioVersion = 17.5.33502.453
MinimumVisualStudioVersion = 10.0.40219.1
Project("{FAE04EC0-301F-11D3-BF4B-00C04F79EFBC}") = "Client", "Client\Client.csproj", "{AE3B4A88-6D55-478B-99F0-C641E2FF2B53}"
EndProject
Project("{FAE04EC0-301F-11D3-BF4B-00C04F79EFBC}") = "Server", "Server\Server.csproj", "{2AA01EBD-4FE6-4022-884A-E59765DAB571}"
EndProject
Global
	GlobalSection(SolutionConfigurationPlatforms) = preSolution
		Debug|Any CPU = Debug|Any CPU
		Release|Any CPU = Release|Any CPU
	EndGlobalSection
	GlobalSection(ProjectConfigurationPlatforms) = postSolution
		{AE3B4A88-6D55-478B-99F0-C641E2FF2B53}.Debug|Any CPU.ActiveCfg = Debug|Any CPU
		{AE3B4A88-6D55-478B-99F0-C641E2FF2B53}.Debug|Any CPU.Build.0 = Debug|Any CPU
		{AE3B4A88-6D55-478B-99F0-C641E2FF2B53}.Release|Any CPU.ActiveCfg = Release|Any CPU
		{AE3B4A88-6D55-478B-99F0-C641E2FF2B53}.Release|Any CPU.Build.0 = Release|Any CPU
		{2AA01EBD-4FE6-4022-884A-E59765DAB571}.Debug|Any CPU.ActiveCfg = Debug|Any CPU
		{2AA01EBD-4FE6-4022-884A-E59765DAB571}.Debug|Any CPU.Build.0 = Debug|Any CPU
		{2AA01EBD-4FE6-4022-884A-E59765DAB571}.Release|Any CPU.ActiveCfg = Release|Any CPU
		{2AA01EBD-4FE6-4022-884A-E59765DAB571}.Release|Any CPU.Build.0 = Release|Any CPU
	EndGlobalSection
	GlobalSection(SolutionProperties) = preSolution
		HideSolutionNode = FALSE
	EndGlobalSection
	GlobalSection(ExtensibilityGlobals) = postSolution
		SolutionGuid = {E7E68081-1CF7-43A8-903E-987EEA4E6C0C}
	EndGlobalSection
EndGlobal
